{
  "version": "3",
  "packages": {
    "specifiers": {
      "jsr:@nothing628/chalk@^1.0.1": "jsr:@nothing628/chalk@1.0.1"
    },
    "jsr": {
      "@nothing628/chalk@1.0.1": {
        "integrity": "d89ab2f1a9674ce7134b791ea8f53aec728d3e00ad89d08c44785bff342d2ef6"
      }
    }
  },
  "remote": {},
  "workspace": {
    "dependencies": [
      "jsr:@nothing628/chalk@^1.0.1"
    ]
  }
}
